
Microsoft Visual Studio Solution File, Format Version 12.00
# Visual Studio Version 17
VisualStudioVersion = 17.4.33213.308
MinimumVisualStudioVersion = 10.0.40219.1
Project("{FAE04EC0-301F-11D3-BF4B-00C04F79EFBC}") = "Masohod", "Masohod\Masohod.csproj", "{D40CF9A6-6EC8-49A5-A73E-313243840016}"
EndProject
Global
	GlobalSection(SolutionConfigurationPlatforms) = preSolution
		Debug|Any CPU = Debug|Any CPU
		Release|Any CPU = Release|Any CPU
	EndGlobalSection
	GlobalSection(ProjectConfigurationPlatforms) = postSolution
		{D40CF9A6-6EC8-49A5-A73E-313243840016}.Debug|Any CPU.ActiveCfg = Debug|Any CPU
		{D40CF9A6-6EC8-49A5-A73E-313243840016}.Debug|Any CPU.Build.0 = Debug|Any CPU
		{D40CF9A6-6EC8-49A5-A73E-313243840016}.Release|Any CPU.ActiveCfg = Release|Any CPU
		{D40CF9A6-6EC8-49A5-A73E-313243840016}.Release|Any CPU.Build.0 = Release|Any CPU
	EndGlobalSection
	GlobalSection(SolutionProperties) = preSolution
		HideSolutionNode = FALSE
	EndGlobalSection
	GlobalSection(ExtensibilityGlobals) = postSolution
		SolutionGuid = {0A90AFEC-1B9F-4745-B3C7-105BB5EC5F99}
	EndGlobalSection
EndGlobal
