
Microsoft Visual Studio Solution File, Format Version 12.00
# Visual Studio Version 17
VisualStudioVersion = 17.9.34902.65
MinimumVisualStudioVersion = 10.0.40219.1
Project("{9A19103F-16F7-4668-BE54-9A1E7A4F7556}") = "MasohodWeb", "MasohodWeb\MasohodWeb.csproj", "{65F2D05D-78F6-4F29-A2D2-8CACE4F39D8E}"
EndProject
Global
	GlobalSection(SolutionConfigurationPlatforms) = preSolution
		Debug|Any CPU = Debug|Any CPU
		Release|Any CPU = Release|Any CPU
	EndGlobalSection
	GlobalSection(ProjectConfigurationPlatforms) = postSolution
		{65F2D05D-78F6-4F29-A2D2-8CACE4F39D8E}.Debug|Any CPU.ActiveCfg = Debug|Any CPU
		{65F2D05D-78F6-4F29-A2D2-8CACE4F39D8E}.Debug|Any CPU.Build.0 = Debug|Any CPU
		{65F2D05D-78F6-4F29-A2D2-8CACE4F39D8E}.Release|Any CPU.ActiveCfg = Release|Any CPU
		{65F2D05D-78F6-4F29-A2D2-8CACE4F39D8E}.Release|Any CPU.Build.0 = Release|Any CPU
	EndGlobalSection
	GlobalSection(SolutionProperties) = preSolution
		HideSolutionNode = FALSE
	EndGlobalSection
	GlobalSection(ExtensibilityGlobals) = postSolution
		SolutionGuid = {26B94C50-18A5-44BD-AEB3-6078C51C63AE}
	EndGlobalSection
EndGlobal
